
Microsoft Visual Studio Solution File, Format Version 12.00
# Visual Studio 15
VisualStudioVersion = 15.0.28010.2036
MinimumVisualStudioVersion = 10.0.40219.1
Project("{E24C65DC-7377-472B-9ABA-BC803B73C61A}") = "webservis", "webservis\", "{B68AAB07-1849-43F6-86D7-8D04B6639121}"
	ProjectSection(WebsiteProperties) = preProject
		TargetFrameworkMoniker = ".NETFramework,Version%3Dv4.6.1"
		Debug.AspNetCompiler.VirtualPath = "/localhost_13440"
		Debug.AspNetCompiler.PhysicalPath = "webservis\"
		Debug.AspNetCompiler.TargetPath = "PrecompiledWeb\localhost_13440\"
		Debug.AspNetCompiler.Updateable = "true"
		Debug.AspNetCompiler.ForceOverwrite = "true"
		Debug.AspNetCompiler.FixedNames = "false"
		Debug.AspNetCompiler.Debug = "True"
		Release.AspNetCompiler.VirtualPath = "/localhost_13440"
		Release.AspNetCompiler.PhysicalPath = "webservis\"
		Release.AspNetCompiler.TargetPath = "PrecompiledWeb\localhost_13440\"
		Release.AspNetCompiler.Updateable = "true"
		Release.AspNetCompiler.ForceOverwrite = "true"
		Release.AspNetCompiler.FixedNames = "false"
		Release.AspNetCompiler.Debug = "False"
		VWDPort = "13440"
		SlnRelativePath = "webservis\"
		DefaultWebSiteLanguage = "Visual C#"
	EndProjectSection
EndProject
Global
	GlobalSection(SolutionConfigurationPlatforms) = preSolution
		Debug|Any CPU = Debug|Any CPU
	EndGlobalSection
	GlobalSection(ProjectConfigurationPlatforms) = postSolution
		{B68AAB07-1849-43F6-86D7-8D04B6639121}.Debug|Any CPU.ActiveCfg = Debug|Any CPU
		{B68AAB07-1849-43F6-86D7-8D04B6639121}.Debug|Any CPU.Build.0 = Debug|Any CPU
	EndGlobalSection
	GlobalSection(SolutionProperties) = preSolution
		HideSolutionNode = FALSE
	EndGlobalSection
	GlobalSection(ExtensibilityGlobals) = postSolution
		SolutionGuid = {36C830F2-A536-4AD7-ACF1-0A0C2F6DA46B}
	EndGlobalSection
EndGlobal
